
Microsoft Visual Studio Solution File, Format Version 12.00
# Visual Studio Version 17
VisualStudioVersion = 17.7.34302.85
MinimumVisualStudioVersion = 10.0.40219.1
Project("{2150E333-8FDC-42A3-9474-1A3956D46DE8}") = "src", "src", "{CF9F4723-EF49-4EAA-B114-07E5637B0263}"
EndProject
Project("{2150E333-8FDC-42A3-9474-1A3956D46DE8}") = "test", "test", "{76ACCD69-B1BE-4337-8BEF-AB8B53FD439A}"
EndProject
Project("{9A19103F-16F7-4668-BE54-9A1E7A4F7556}") = "Booking.Domain", "Booking.Domain\Booking.Domain.csproj", "{7013987E-B689-4E0B-9004-749E621DADCF}"
EndProject
Project("{FAE04EC0-301F-11D3-BF4B-00C04F79EFBC}") = "Booking.Application", "Booking.Application\Booking.Application.csproj", "{37360074-7168-4504-BCF0-866FCB88CC33}"
EndProject
Project("{FAE04EC0-301F-11D3-BF4B-00C04F79EFBC}") = "Booking.Infrastructure", "Booking.Infrastructure\Booking.Infrastructure.csproj", "{EB5C24F7-9563-4187-BC00-AC5C4F74266F}"
EndProject
Global
	GlobalSection(SolutionConfigurationPlatforms) = preSolution
		Debug|Any CPU = Debug|Any CPU
		Release|Any CPU = Release|Any CPU
	EndGlobalSection
	GlobalSection(ProjectConfigurationPlatforms) = postSolution
		{7013987E-B689-4E0B-9004-749E621DADCF}.Debug|Any CPU.ActiveCfg = Debug|Any CPU
		{7013987E-B689-4E0B-9004-749E621DADCF}.Debug|Any CPU.Build.0 = Debug|Any CPU
		{7013987E-B689-4E0B-9004-749E621DADCF}.Release|Any CPU.ActiveCfg = Release|Any CPU
		{7013987E-B689-4E0B-9004-749E621DADCF}.Release|Any CPU.Build.0 = Release|Any CPU
		{37360074-7168-4504-BCF0-866FCB88CC33}.Debug|Any CPU.ActiveCfg = Debug|Any CPU
		{37360074-7168-4504-BCF0-866FCB88CC33}.Debug|Any CPU.Build.0 = Debug|Any CPU
		{37360074-7168-4504-BCF0-866FCB88CC33}.Release|Any CPU.ActiveCfg = Release|Any CPU
		{37360074-7168-4504-BCF0-866FCB88CC33}.Release|Any CPU.Build.0 = Release|Any CPU
		{EB5C24F7-9563-4187-BC00-AC5C4F74266F}.Debug|Any CPU.ActiveCfg = Debug|Any CPU
		{EB5C24F7-9563-4187-BC00-AC5C4F74266F}.Debug|Any CPU.Build.0 = Debug|Any CPU
		{EB5C24F7-9563-4187-BC00-AC5C4F74266F}.Release|Any CPU.ActiveCfg = Release|Any CPU
		{EB5C24F7-9563-4187-BC00-AC5C4F74266F}.Release|Any CPU.Build.0 = Release|Any CPU
	EndGlobalSection
	GlobalSection(SolutionProperties) = preSolution
		HideSolutionNode = FALSE
	EndGlobalSection
	GlobalSection(NestedProjects) = preSolution
		{7013987E-B689-4E0B-9004-749E621DADCF} = {CF9F4723-EF49-4EAA-B114-07E5637B0263}
		{37360074-7168-4504-BCF0-866FCB88CC33} = {CF9F4723-EF49-4EAA-B114-07E5637B0263}
		{EB5C24F7-9563-4187-BC00-AC5C4F74266F} = {CF9F4723-EF49-4EAA-B114-07E5637B0263}
	EndGlobalSection
	GlobalSection(ExtensibilityGlobals) = postSolution
		SolutionGuid = {7A5546E3-EE5E-40AA-86A2-8C50E7DCAD98}
	EndGlobalSection
EndGlobal
